
Microsoft Visual Studio Solution File, Format Version 12.00
# Visual Studio Version 17
VisualStudioVersion = 17.14.36414.22 d17.14
MinimumVisualStudioVersion = 10.0.40219.1
Project("{FAE04EC0-301F-11D3-BF4B-00C04F79EFBC}") = "23WEBC_Nhom11_Tuan04", "23WEBC_Nhom11_Tuan04\23WEBC_Nhom11_Tuan04.csproj", "{0BCEA69D-52AD-4275-BEAF-C0C29D861108}"
EndProject
Global
	GlobalSection(SolutionConfigurationPlatforms) = preSolution
		Debug|Any CPU = Debug|Any CPU
		Release|Any CPU = Release|Any CPU
	EndGlobalSection
	GlobalSection(ProjectConfigurationPlatforms) = postSolution
		{0BCEA69D-52AD-4275-BEAF-C0C29D861108}.Debug|Any CPU.ActiveCfg = Debug|Any CPU
		{0BCEA69D-52AD-4275-BEAF-C0C29D861108}.Debug|Any CPU.Build.0 = Debug|Any CPU
		{0BCEA69D-52AD-4275-BEAF-C0C29D861108}.Release|Any CPU.ActiveCfg = Release|Any CPU
		{0BCEA69D-52AD-4275-BEAF-C0C29D861108}.Release|Any CPU.Build.0 = Release|Any CPU
	EndGlobalSection
	GlobalSection(SolutionProperties) = preSolution
		HideSolutionNode = FALSE
	EndGlobalSection
	GlobalSection(ExtensibilityGlobals) = postSolution
		SolutionGuid = {8A62898B-09D1-466A-9325-545D4BD4A215}
	EndGlobalSection
EndGlobal
